
Microsoft Visual Studio Solution File, Format Version 12.00
# Visual Studio Version 16
VisualStudioVersion = 16.0.29613.14
MinimumVisualStudioVersion = 10.0.40219.1
Project("{FAE04EC0-301F-11D3-BF4B-00C04F79EFBC}") = "DevKitFileDescriptions", "DevKitFileDescriptions.csproj", "{E583FC19-9E38-4522-A2E2-665A20A920E8}"
EndProject
Project("{2150E333-8FDC-42A3-9474-1A3956D46DE8}") = "Solution Items", "Solution Items", "{A0EEA712-7BDB-4748-8163-D5D383328940}"
	ProjectSection(SolutionItems) = preProject
		DevKitFileDescriptions Instructions.docx = DevKitFileDescriptions Instructions.docx
	EndProjectSection
EndProject
Global
	GlobalSection(SolutionConfigurationPlatforms) = preSolution
		Debug|Any CPU = Debug|Any CPU
		Release|Any CPU = Release|Any CPU
	EndGlobalSection
	GlobalSection(ProjectConfigurationPlatforms) = postSolution
		{E583FC19-9E38-4522-A2E2-665A20A920E8}.Debug|Any CPU.ActiveCfg = Debug|Any CPU
		{E583FC19-9E38-4522-A2E2-665A20A920E8}.Debug|Any CPU.Build.0 = Debug|Any CPU
		{E583FC19-9E38-4522-A2E2-665A20A920E8}.Release|Any CPU.ActiveCfg = Release|Any CPU
		{E583FC19-9E38-4522-A2E2-665A20A920E8}.Release|Any CPU.Build.0 = Release|Any CPU
	EndGlobalSection
	GlobalSection(SolutionProperties) = preSolution
		HideSolutionNode = FALSE
	EndGlobalSection
	GlobalSection(ExtensibilityGlobals) = postSolution
		SolutionGuid = {44CD7C3B-8BF6-463D-9A28-DBB753609B31}
	EndGlobalSection
EndGlobal
